// !$*UTF8*$!
{
	archiveVersion = 1;
	classes = {
	};
	objectVersion = 46;
	objects = {

/* Begin PBXBuildFile section */
		15D9DF9D069101E1E00001EC /* libPods-FlappyBird.a in Frameworks */ = {isa = PBXBuildFile; fileRef = 3823FE4F598880C925C1E0F0 /* libPods-FlappyBird.a */; };
		8805121A23A50D0400A7BD57 /* sounds in Resources */ = {isa = PBXBuildFile; fileRef = 8805121923A50D0400A7BD57 /* sounds */; };
		88225E4723ADBCD4008AC5B2 /* SKButtonNode.swift in Sources */ = {isa = PBXBuildFile; fileRef = 88225E4623ADBCD4008AC5B2 /* SKButtonNode.swift */; };
		88640E4923A723A10041B7C0 /* back.jpg in Resources */ = {isa = PBXBuildFile; fileRef = 88640E4823A723A10041B7C0 /* back.jpg */; };
		88FC007C23A94CC90006E501 /* TapBoard.swift in Sources */ = {isa = PBXBuildFile; fileRef = 88FC007B23A94CC90006E501 /* TapBoard.swift */; };
		DB4BF5C2237450F200EFE4BE /* GameScene.swift in Sources */ = {isa = PBXBuildFile; fileRef = DB4BF5C1237450F200EFE4BE /* GameScene.swift */; };
		DB4BF5C62374765100EFE4BE /* ResultBoard.swift in Sources */ = {isa = PBXBuildFile; fileRef = DB4BF5C52374765100EFE4BE /* ResultBoard.swift */; };
		DB91B0DA237269830054530A /* ScreenMirror.swift in Sources */ = {isa = PBXBuildFile; fileRef = DB91B0D9237269830054530A /* ScreenMirror.swift */; };
		DBC388C923740302008A0481 /* TapViewController.swift in Sources */ = {isa = PBXBuildFile; fileRef = DBC388C823740302008A0481 /* TapViewController.swift */; };
		DBC388CF23740E64008A0481 /* ControlCentre.swift in Sources */ = {isa = PBXBuildFile; fileRef = DBC388CE23740E64008A0481 /* ControlCentre.swift */; };
		DDE60CBE2429584B004D2F95 /* libThen.a in Frameworks */ = {isa = PBXBuildFile; fileRef = DDE60CBD2429584B004D2F95 /* libThen.a */; };
		DDE60CC6242965B3004D2F95 /* inside__.ttf in Resources */ = {isa = PBXBuildFile; fileRef = DDE60CC5242965B3004D2F95 /* inside__.ttf */; };
		DDF8790B242599980004E6E9 /* outside__.ttf in Resources */ = {isa = PBXBuildFile; fileRef = DDF8790A242599980004E6E9 /* outside__.ttf */; };
		F020137C1C60592F003F8A04 /* AppDelegate.swift in Sources */ = {isa = PBXBuildFile; fileRef = F020137B1C60592F003F8A04 /* AppDelegate.swift */; };
		F020137E1C60592F003F8A04 /* GameScene.sks in Resources */ = {isa = PBXBuildFile; fileRef = F020137D1C60592F003F8A04 /* GameScene.sks */; };
		F02013821C60592F003F8A04 /* GameViewController.swift in Sources */ = {isa = PBXBuildFile; fileRef = F02013811C60592F003F8A04 /* GameViewController.swift */; };
		F02013851C60592F003F8A04 /* Main.storyboard in Resources */ = {isa = PBXBuildFile; fileRef = F02013831C60592F003F8A04 /* Main.storyboard */; };
		F02013871C60592F003F8A04 /* Assets.xcassets in Resources */ = {isa = PBXBuildFile; fileRef = F02013861C60592F003F8A04 /* Assets.xcassets */; };
		F020138A1C60592F003F8A04 /* LaunchScreen.storyboard in Resources */ = {isa = PBXBuildFile; fileRef = F02013881C60592F003F8A04 /* LaunchScreen.storyboard */; };
/* End PBXBuildFile section */

/* Begin PBXCopyFilesBuildPhase section */
		DD94DED5242833010004E4ED /* Embed Frameworks */ = {
			isa = PBXCopyFilesBuildPhase;
			buildActionMask = 2147483647;
			dstPath = "";
			dstSubfolderSpec = 10;
			files = (
			);
			name = "Embed Frameworks";
			runOnlyForDeploymentPostprocessing = 0;
		};
/* End PBXCopyFilesBuildPhase section */

/* Begin PBXFileReference section */
		3823FE4F598880C925C1E0F0 /* libPods-FlappyBird.a */ = {isa = PBXFileReference; explicitFileType = archive.ar; includeInIndex = 0; path = "libPods-FlappyBird.a"; sourceTree = BUILT_PRODUCTS_DIR; };
		8805121923A50D0400A7BD57 /* sounds */ = {isa = PBXFileReference; lastKnownFileType = folder; path = sounds; sourceTree = "<group>"; };
		88225E4623ADBCD4008AC5B2 /* SKButtonNode.swift */ = {isa = PBXFileReference; fileEncoding = 4; lastKnownFileType = sourcecode.swift; path = SKButtonNode.swift; sourceTree = "<group>"; };
		88640E4823A723A10041B7C0 /* back.jpg */ = {isa = PBXFileReference; lastKnownFileType = image.jpeg; path = back.jpg; sourceTree = "<group>"; };
		88FC007B23A94CC90006E501 /* TapBoard.swift */ = {isa = PBXFileReference; lastKnownFileType = sourcecode.swift; path = TapBoard.swift; sourceTree = "<group>"; };
		B5DA1545EBD1BF7F133E393B /* Pods-FlappyBird.debug.xcconfig */ = {isa = PBXFileReference; includeInIndex = 1; lastKnownFileType = text.xcconfig; name = "Pods-FlappyBird.debug.xcconfig"; path = "Target Support Files/Pods-FlappyBird/Pods-FlappyBird.debug.xcconfig"; sourceTree = "<group>"; };
		C7A4D537DD9B4E0129F8D6B5 /* Pods-FlappyBird.release.xcconfig */ = {isa = PBXFileReference; includeInIndex = 1; lastKnownFileType = text.xcconfig; name = "Pods-FlappyBird.release.xcconfig"; path = "Target Support Files/Pods-FlappyBird/Pods-FlappyBird.release.xcconfig"; sourceTree = "<group>"; };
		DB4BF5C1237450F200EFE4BE /* GameScene.swift */ = {isa = PBXFileReference; fileEncoding = 4; lastKnownFileType = sourcecode.swift; path = GameScene.swift; sourceTree = "<group>"; };
		DB4BF5C52374765100EFE4BE /* ResultBoard.swift */ = {isa = PBXFileReference; lastKnownFileType = sourcecode.swift; path = ResultBoard.swift; sourceTree = "<group>"; };
		DB91B0D9237269830054530A /* ScreenMirror.swift */ = {isa = PBXFileReference; fileEncoding = 4; lastKnownFileType = sourcecode.swift; path = ScreenMirror.swift; sourceTree = "<group>"; };
		DBC388C823740302008A0481 /* TapViewController.swift */ = {isa = PBXFileReference; lastKnownFileType = sourcecode.swift; path = TapViewController.swift; sourceTree = "<group>"; };
		DBC388CE23740E64008A0481 /* ControlCentre.swift */ = {isa = PBXFileReference; lastKnownFileType = sourcecode.swift; path = ControlCentre.swift; sourceTree = "<group>"; };
		DDE60CBD2429584B004D2F95 /* libThen.a */ = {isa = PBXFileReference; explicitFileType = archive.ar; path = libThen.a; sourceTree = BUILT_PRODUCTS_DIR; };
		DDE60CC5242965B3004D2F95 /* inside__.ttf */ = {isa = PBXFileReference; lastKnownFileType = file; name = inside__.ttf; path = FlappyBird/inside__.ttf; sourceTree = "<group>"; };
		DDF87900242591CA0004E6E9 /* inside__.ttf */ = {isa = PBXFileReference; lastKnownFileType = file; name = inside__.ttf; path = /Users/thatcher/Workspace/flappybird/FlappyBird/FlappyBird/inside__.ttf; sourceTree = "<absolute>"; };
		DDF8790A242599980004E6E9 /* outside__.ttf */ = {isa = PBXFileReference; lastKnownFileType = file; path = outside__.ttf; sourceTree = "<group>"; };
		F02013781C60592F003F8A04 /* Flappy Bird.app */ = {isa = PBXFileReference; explicitFileType = wrapper.application; includeInIndex = 0; path = "Flappy Bird.app"; sourceTree = BUILT_PRODUCTS_DIR; };
		F020137B1C60592F003F8A04 /* AppDelegate.swift */ = {isa = PBXFileReference; lastKnownFileType = sourcecode.swift; path = AppDelegate.swift; sourceTree = "<group>"; };
		F020137D1C60592F003F8A04 /* GameScene.sks */ = {isa = PBXFileReference; lastKnownFileType = file.sks; path = GameScene.sks; sourceTree = "<group>"; };
		F02013811C60592F003F8A04 /* GameViewController.swift */ = {isa = PBXFileReference; lastKnownFileType = sourcecode.swift; path = GameViewController.swift; sourceTree = "<group>"; };
		F02013841C60592F003F8A04 /* Base */ = {isa = PBXFileReference; lastKnownFileType = file.storyboard; name = Base; path = Base.lproj/Main.storyboard; sourceTree = "<group>"; };
		F02013861C60592F003F8A04 /* Assets.xcassets */ = {isa = PBXFileReference; lastKnownFileType = folder.assetcatalog; path = Assets.xcassets; sourceTree = "<group>"; };
		F02013891C60592F003F8A04 /* Base */ = {isa = PBXFileReference; lastKnownFileType = file.storyboard; name = Base; path = Base.lproj/LaunchScreen.storyboard; sourceTree = "<group>"; };
		F020138B1C60592F003F8A04 /* Info.plist */ = {isa = PBXFileReference; lastKnownFileType = text.plist.xml; path = Info.plist; sourceTree = "<group>"; };
/* End PBXFileReference section */

/* Begin PBXFrameworksBuildPhase section */
		F02013751C60592F003F8A04 /* Frameworks */ = {
			isa = PBXFrameworksBuildPhase;
			buildActionMask = 2147483647;
			files = (
				DDE60CBE2429584B004D2F95 /* libThen.a in Frameworks */,
				15D9DF9D069101E1E00001EC /* libPods-FlappyBird.a in Frameworks */,
			);
			runOnlyForDeploymentPostprocessing = 0;
		};
/* End PBXFrameworksBuildPhase section */

/* Begin PBXGroup section */
		23B28F84BB764F0C2CC7F989 /* Frameworks */ = {
			isa = PBXGroup;
			children = (
				DDE60CBD2429584B004D2F95 /* libThen.a */,
				3823FE4F598880C925C1E0F0 /* libPods-FlappyBird.a */,
			);
			name = Frameworks;
			sourceTree = "<group>";
		};
		46F8E48A7A0962CB555BF34D /* Pods */ = {
			isa = PBXGroup;
			children = (
				B5DA1545EBD1BF7F133E393B /* Pods-FlappyBird.debug.xcconfig */,
				C7A4D537DD9B4E0129F8D6B5 /* Pods-FlappyBird.release.xcconfig */,
			);
			path = Pods;
			sourceTree = "<group>";
		};
		DB91B0D7237269070054530A /* Game */ = {
			isa = PBXGroup;
			children = (
				88225E4623ADBCD4008AC5B2 /* SKButtonNode.swift */,
				F020137D1C60592F003F8A04 /* GameScene.sks */,
				DB4BF5C1237450F200EFE4BE /* GameScene.swift */,
				DB4BF5C52374765100EFE4BE /* ResultBoard.swift */,
				F02013811C60592F003F8A04 /* GameViewController.swift */,
				88FC007B23A94CC90006E501 /* TapBoard.swift */,
			);
			path = Game;
			sourceTree = "<group>";
		};
		DB91B0D82372691A0054530A /* External Display */ = {
			isa = PBXGroup;
			children = (
				DB91B0D9237269830054530A /* ScreenMirror.swift */,
				DBC388C823740302008A0481 /* TapViewController.swift */,
				DBC388CE23740E64008A0481 /* ControlCentre.swift */,
			);
			path = "External Display";
			sourceTree = "<group>";
		};
		F020136F1C60592F003F8A04 = {
			isa = PBXGroup;
			children = (
				DDE60CC5242965B3004D2F95 /* inside__.ttf */,
				F020137A1C60592F003F8A04 /* FlappyBird */,
				F02013791C60592F003F8A04 /* Products */,
				46F8E48A7A0962CB555BF34D /* Pods */,
				23B28F84BB764F0C2CC7F989 /* Frameworks */,
			);
			sourceTree = "<group>";
		};
		F02013791C60592F003F8A04 /* Products */ = {
			isa = PBXGroup;
			children = (
				F02013781C60592F003F8A04 /* Flappy Bird.app */,
			);
			name = Products;
			sourceTree = "<group>";
		};
		F020137A1C60592F003F8A04 /* FlappyBird */ = {
			isa = PBXGroup;
			children = (
				DDF8790A242599980004E6E9 /* outside__.ttf */,
				DDF87900242591CA0004E6E9 /* inside__.ttf */,
				88640E4823A723A10041B7C0 /* back.jpg */,
				8805121923A50D0400A7BD57 /* sounds */,
				DB91B0D82372691A0054530A /* External Display */,
				DB91B0D7237269070054530A /* Game */,
				F020137B1C60592F003F8A04 /* AppDelegate.swift */,
				F02013831C60592F003F8A04 /* Main.storyboard */,
				F02013861C60592F003F8A04 /* Assets.xcassets */,
				F02013881C60592F003F8A04 /* LaunchScreen.storyboard */,
				F020138B1C60592F003F8A04 /* Info.plist */,
			);
			path = FlappyBird;
			sourceTree = "<group>";
		};
/* End PBXGroup section */

/* Begin PBXNativeTarget section */
		F02013771C60592F003F8A04 /* FlappyBird */ = {
			isa = PBXNativeTarget;
			buildConfigurationList = F020138E1C60592F003F8A04 /* Build configuration list for PBXNativeTarget "FlappyBird" */;
			buildPhases = (
				F83457CEC1699ACC544611C0 /* [CP] Check Pods Manifest.lock */,
				F02013741C60592F003F8A04 /* Sources */,
				F02013751C60592F003F8A04 /* Frameworks */,
				F02013761C60592F003F8A04 /* Resources */,
				88FC3A9923A6BFA6006DE04D /* ShellScript */,
				DD94DED5242833010004E4ED /* Embed Frameworks */,
			);
			buildRules = (
			);
			dependencies = (
			);
			name = FlappyBird;
			productName = FlappyBrid;
			productReference = F02013781C60592F003F8A04 /* Flappy Bird.app */;
			productType = "com.apple.product-type.application";
		};
/* End PBXNativeTarget section */

/* Begin PBXProject section */
		F02013701C60592F003F8A04 /* Project object */ = {
			isa = PBXProject;
			attributes = {
				LastSwiftUpdateCheck = 0720;
				LastUpgradeCheck = 1130;
				ORGANIZATIONNAME = "Brandon Plank";
				TargetAttributes = {
					F02013771C60592F003F8A04 = {
						CreatedOnToolsVersion = 7.2;
						DevelopmentTeam = W7J462TP2V;
						ProvisioningStyle = Automatic;
					};
				};
			};
			buildConfigurationList = F02013731C60592F003F8A04 /* Build configuration list for PBXProject "FlappyBird" */;
			compatibilityVersion = "Xcode 3.2";
			developmentRegion = English;
			hasScannedForEncodings = 0;
			knownRegions = (
				English,
				en,
				Base,
			);
			mainGroup = F020136F1C60592F003F8A04;
			productRefGroup = F02013791C60592F003F8A04 /* Products */;
			projectDirPath = "";
			projectRoot = "";
			targets = (
				F02013771C60592F003F8A04 /* FlappyBird */,
			);
		};
/* End PBXProject section */

/* Begin PBXResourcesBuildPhase section */
		F02013761C60592F003F8A04 /* Resources */ = {
			isa = PBXResourcesBuildPhase;
			buildActionMask = 2147483647;
			files = (
				DDE60CC6242965B3004D2F95 /* inside__.ttf in Resources */,
				8805121A23A50D0400A7BD57 /* sounds in Resources */,
				F020137E1C60592F003F8A04 /* GameScene.sks in Resources */,
				F020138A1C60592F003F8A04 /* LaunchScreen.storyboard in Resources */,
				F02013871C60592F003F8A04 /* Assets.xcassets in Resources */,
				DDF8790B242599980004E6E9 /* outside__.ttf in Resources */,
				88640E4923A723A10041B7C0 /* back.jpg in Resources */,
				F02013851C60592F003F8A04 /* Main.storyboard in Resources */,
			);
			runOnlyForDeploymentPostprocessing = 0;
		};
/* End PBXResourcesBuildPhase section */

/* Begin PBXShellScriptBuildPhase section */
		88FC3A9923A6BFA6006DE04D /* ShellScript */ = {
			isa = PBXShellScriptBuildPhase;
			buildActionMask = 2147483647;
			files = (
			);
			inputFileListPaths = (
			);
			inputPaths = (
			);
			outputFileListPaths = (
			);
			outputPaths = (
			);
			runOnlyForDeploymentPostprocessing = 0;
			shellPath = /bin/sh;
			shellScript = "# Type a script or drag a script file from your workspace to insert its path.\n\n\n";
		};
		F83457CEC1699ACC544611C0 /* [CP] Check Pods Manifest.lock */ = {
			isa = PBXShellScriptBuildPhase;
			buildActionMask = 2147483647;
			files = (
			);
			inputFileListPaths = (
			);
			inputPaths = (
				"${PODS_PODFILE_DIR_PATH}/Podfile.lock",
				"${PODS_ROOT}/Manifest.lock",
			);
			name = "[CP] Check Pods Manifest.lock";
			outputFileListPaths = (
			);
			outputPaths = (
				"$(DERIVED_FILE_DIR)/Pods-FlappyBird-checkManifestLockResult.txt",
			);
			runOnlyForDeploymentPostprocessing = 0;
			shellPath = /bin/sh;
			shellScript = "diff \"${PODS_PODFILE_DIR_PATH}/Podfile.lock\" \"${PODS_ROOT}/Manifest.lock\" > /dev/null\nif [ $? != 0 ] ; then\n    # print error to STDERR\n    echo \"error: The sandbox is not in sync with the Podfile.lock. Run 'pod install' or update your CocoaPods installation.\" >&2\n    exit 1\nfi\n# This output is used by Xcode 'outputs' to avoid re-running this script phase.\necho \"SUCCESS\" > \"${SCRIPT_OUTPUT_FILE_0}\"\n";
			showEnvVarsInLog = 0;
		};
/* End PBXShellScriptBuildPhase section */

/* Begin PBXSourcesBuildPhase section */
		F02013741C60592F003F8A04 /* Sources */ = {
			isa = PBXSourcesBuildPhase;
			buildActionMask = 2147483647;
			files = (
				DB91B0DA237269830054530A /* ScreenMirror.swift in Sources */,
				DBC388C923740302008A0481 /* TapViewController.swift in Sources */,
				F02013821C60592F003F8A04 /* GameViewController.swift in Sources */,
				88225E4723ADBCD4008AC5B2 /* SKButtonNode.swift in Sources */,
				DB4BF5C62374765100EFE4BE /* ResultBoard.swift in Sources */,
				DB4BF5C2237450F200EFE4BE /* GameScene.swift in Sources */,
				DBC388CF23740E64008A0481 /* ControlCentre.swift in Sources */,
				88FC007C23A94CC90006E501 /* TapBoard.swift in Sources */,
				F020137C1C60592F003F8A04 /* AppDelegate.swift in Sources */,
			);
			runOnlyForDeploymentPostprocessing = 0;
		};
/* End PBXSourcesBuildPhase section */

/* Begin PBXVariantGroup section */
		F02013831C60592F003F8A04 /* Main.storyboard */ = {
			isa = PBXVariantGroup;
			children = (
				F02013841C60592F003F8A04 /* Base */,
			);
			name = Main.storyboard;
			sourceTree = "<group>";
		};
		F02013881C60592F003F8A04 /* LaunchScreen.storyboard */ = {
			isa = PBXVariantGroup;
			children = (
				F02013891C60592F003F8A04 /* Base */,
			);
			name = LaunchScreen.storyboard;
			sourceTree = "<group>";
		};
/* End PBXVariantGroup section */

/* Begin XCBuildConfiguration section */
		F020138C1C60592F003F8A04 /* Debug */ = {
			isa = XCBuildConfiguration;
			buildSettings = {
				ALWAYS_SEARCH_USER_PATHS = NO;
				CLANG_ANALYZER_LOCALIZABILITY_NONLOCALIZED = YES;
				CLANG_CXX_LANGUAGE_STANDARD = "gnu++0x";
				CLANG_CXX_LIBRARY = "libc++";
				CLANG_ENABLE_MODULES = YES;
				CLANG_ENABLE_OBJC_ARC = YES;
				CLANG_WARN_BLOCK_CAPTURE_AUTORELEASING = YES;
				CLANG_WARN_BOOL_CONVERSION = YES;
				CLANG_WARN_COMMA = YES;
				CLANG_WARN_CONSTANT_CONVERSION = YES;
				CLANG_WARN_DEPRECATED_OBJC_IMPLEMENTATIONS = YES;
				CLANG_WARN_DIRECT_OBJC_ISA_USAGE = YES_ERROR;
				CLANG_WARN_EMPTY_BODY = YES;
				CLANG_WARN_ENUM_CONVERSION = YES;
				CLANG_WARN_INFINITE_RECURSION = YES;
				CLANG_WARN_INT_CONVERSION = YES;
				CLANG_WARN_NON_LITERAL_NULL_CONVERSION = YES;
				CLANG_WARN_OBJC_IMPLICIT_RETAIN_SELF = YES;
				CLANG_WARN_OBJC_LITERAL_CONVERSION = YES;
				CLANG_WARN_OBJC_ROOT_CLASS = YES_ERROR;
				CLANG_WARN_RANGE_LOOP_ANALYSIS = YES;
				CLANG_WARN_STRICT_PROTOTYPES = YES;
				CLANG_WARN_SUSPICIOUS_MOVE = YES;
				CLANG_WARN_UNREACHABLE_CODE = YES;
				CLANG_WARN__DUPLICATE_METHOD_MATCH = YES;
				"CODE_SIGN_IDENTITY[sdk=iphoneos*]" = "iPhone Developer";
				COPY_PHASE_STRIP = NO;
				DEBUG_INFORMATION_FORMAT = "dwarf-with-dsym";
				ENABLE_STRICT_OBJC_MSGSEND = YES;
				ENABLE_TESTABILITY = YES;
				GCC_C_LANGUAGE_STANDARD = gnu99;
				GCC_DYNAMIC_NO_PIC = NO;
				GCC_NO_COMMON_BLOCKS = YES;
				GCC_OPTIMIZATION_LEVEL = 0;
				GCC_PREPROCESSOR_DEFINITIONS = (
					"DEBUG=1",
					"$(inherited)",
				);
				GCC_WARN_64_TO_32_BIT_CONVERSION = YES;
				GCC_WARN_ABOUT_RETURN_TYPE = YES_ERROR;
				GCC_WARN_UNDECLARED_SELECTOR = YES;
				GCC_WARN_UNINITIALIZED_AUTOS = YES_AGGRESSIVE;
				GCC_WARN_UNUSED_FUNCTION = YES;
				GCC_WARN_UNUSED_VARIABLE = YES;
				IPHONEOS_DEPLOYMENT_TARGET = 9.2;
				MTL_ENABLE_DEBUG_INFO = YES;
				ONLY_ACTIVE_ARCH = YES;
				SDKROOT = iphoneos;
				SWIFT_OPTIMIZATION_LEVEL = "-Onone";
				TARGETED_DEVICE_FAMILY = "1,2";
			};
			name = Debug;
		};
		F020138D1C60592F003F8A04 /* Release */ = {
			isa = XCBuildConfiguration;
			buildSettings = {
				ALWAYS_SEARCH_USER_PATHS = NO;
				CLANG_ANALYZER_LOCALIZABILITY_NONLOCALIZED = YES;
				CLANG_CXX_LANGUAGE_STANDARD = "gnu++0x";
				CLANG_CXX_LIBRARY = "libc++";
				CLANG_ENABLE_MODULES = YES;
				CLANG_ENABLE_OBJC_ARC = YES;
				CLANG_WARN_BLOCK_CAPTURE_AUTORELEASING = YES;
				CLANG_WARN_BOOL_CONVERSION = YES;
				CLANG_WARN_COMMA = YES;
				CLANG_WARN_CONSTANT_CONVERSION = YES;
				CLANG_WARN_DEPRECATED_OBJC_IMPLEMENTATIONS = YES;
				CLANG_WARN_DIRECT_OBJC_ISA_USAGE = YES_ERROR;
				CLANG_WARN_EMPTY_BODY = YES;
				CLANG_WARN_ENUM_CONVERSION = YES;
				CLANG_WARN_INFINITE_RECURSION = YES;
				CLANG_WARN_INT_CONVERSION = YES;
				CLANG_WARN_NON_LITERAL_NULL_CONVERSION = YES;
				CLANG_WARN_OBJC_IMPLICIT_RETAIN_SELF = YES;
				CLANG_WARN_OBJC_LITERAL_CONVERSION = YES;
				CLANG_WARN_OBJC_ROOT_CLASS = YES_ERROR;
				CLANG_WARN_RANGE_LOOP_ANALYSIS = YES;
				CLANG_WARN_STRICT_PROTOTYPES = YES;
				CLANG_WARN_SUSPICIOUS_MOVE = YES;
				CLANG_WARN_UNREACHABLE_CODE = YES;
				CLANG_WARN__DUPLICATE_METHOD_MATCH = YES;
				"CODE_SIGN_IDENTITY[sdk=iphoneos*]" = "iPhone Developer";
				COPY_PHASE_STRIP = NO;
				DEBUG_INFORMATION_FORMAT = "dwarf-with-dsym";
				ENABLE_NS_ASSERTIONS = NO;
				ENABLE_STRICT_OBJC_MSGSEND = YES;
				GCC_C_LANGUAGE_STANDARD = gnu99;
				GCC_NO_COMMON_BLOCKS = YES;
				GCC_WARN_64_TO_32_BIT_CONVERSION = YES;
				GCC_WARN_ABOUT_RETURN_TYPE = YES_ERROR;
				GCC_WARN_UNDECLARED_SELECTOR = YES;
				GCC_WARN_UNINITIALIZED_AUTOS = YES_AGGRESSIVE;
				GCC_WARN_UNUSED_FUNCTION = YES;
				GCC_WARN_UNUSED_VARIABLE = YES;
				INFOPLIST_FILE = ./FlappyBird/Info.plist;
				IPHONEOS_DEPLOYMENT_TARGET = 9.2;
				MTL_ENABLE_DEBUG_INFO = NO;
				SDKROOT = iphoneos;
				SWIFT_COMPILATION_MODE = wholemodule;
				TARGETED_DEVICE_FAMILY = "1,2";
				VALIDATE_PRODUCT = YES;
			};
			name = Release;
		};
		F020138F1C60592F003F8A04 /* Debug */ = {
			isa = XCBuildConfiguration;
			baseConfigurationReference = B5DA1545EBD1BF7F133E393B /* Pods-FlappyBird.debug.xcconfig */;
			buildSettings = {
				ASSETCATALOG_COMPILER_APPICON_NAME = AppIcon;
				CODE_SIGN_IDENTITY = "Apple Development";
				CODE_SIGN_STYLE = Automatic;
				DEVELOPMENT_TEAM = W7J462TP2V;
				INFOPLIST_FILE = FlappyBird/Info.plist;
				IPHONEOS_DEPLOYMENT_TARGET = 10.0;
				LD_RUNPATH_SEARCH_PATHS = "$(inherited) @executable_path/Frameworks";
				MARKETING_VERSION = 1.7;
				MTL_ENABLE_DEBUG_INFO = NO;
				PRODUCT_BUNDLE_IDENTIFIER = org.brandonplank.flappybird;
				PRODUCT_NAME = "Flappy Bird";
				PROVISIONING_PROFILE_SPECIFIER = "";
				SWIFT_VERSION = 5.0;
			};
			name = Debug;
		};
		F02013901C60592F003F8A04 /* Release */ = {
			isa = XCBuildConfiguration;
			baseConfigurationReference = C7A4D537DD9B4E0129F8D6B5 /* Pods-FlappyBird.release.xcconfig */;
			buildSettings = {
				ASSETCATALOG_COMPILER_APPICON_NAME = AppIcon;
				CODE_SIGN_IDENTITY = "Apple Development";
				CODE_SIGN_STYLE = Automatic;
				DEVELOPMENT_TEAM = W7J462TP2V;
				INFOPLIST_FILE = FlappyBird/Info.plist;
				IPHONEOS_DEPLOYMENT_TARGET = 10.0;
				LD_RUNPATH_SEARCH_PATHS = "$(inherited) @executable_path/Frameworks";
				MARKETING_VERSION = 1.7;
				PRODUCT_BUNDLE_IDENTIFIER = org.brandonplank.flappybird;
				PRODUCT_NAME = "Flappy Bird";
				PROVISIONING_PROFILE_SPECIFIER = "";
				SWIFT_VERSION = 5.0;
			};
			name = Release;
		};
/* End XCBuildConfiguration section */

/* Begin XCConfigurationList section */
		F02013731C60592F003F8A04 /* Build configuration list for PBXProject "FlappyBird" */ = {
			isa = XCConfigurationList;
			buildConfigurations = (
				F020138C1C60592F003F8A04 /* Debug */,
				F020138D1C60592F003F8A04 /* Release */,
			);
			defaultConfigurationIsVisible = 0;
			defaultConfigurationName = Release;
		};
		F020138E1C60592F003F8A04 /* Build configuration list for PBXNativeTarget "FlappyBird" */ = {
			isa = XCConfigurationList;
			buildConfigurations = (
				F020138F1C60592F003F8A04 /* Debug */,
				F02013901C60592F003F8A04 /* Release */,
			);
			defaultConfigurationIsVisible = 0;
			defaultConfigurationName = Release;
		};
/* End XCConfigurationList section */
	};
	rootObject = F02013701C60592F003F8A04 /* Project object */;
}
