PODS:
  - SwiftShield (3.5.1)
  - Then (2.7.0)

DEPENDENCIES:
  - SwiftShield
  - Then

SPEC REPOS:
  trunk:
    - SwiftShield
    - Then

SPEC CHECKSUMS:
  SwiftShield: b1f8b1adaa82e5b015ce8d1d4eead89526cbff49
  Then: acfe0be7e98221c6204e12f8161459606d5d822d

PODFILE CHECKSUM: b8d9b49202e6a2ec82707db506d4ff91283dd215

COCOAPODS: 1.9.3
