// !$*UTF8*$!
{
	archiveVersion = 1;
	classes = {
	};
	objectVersion = 54;
	objects = {

/* Begin PBXBuildFile section */
		88112B3C2703F41E00B448DF /* Sentry in Frameworks */ = {isa = PBXBuildFile; productRef = 88112B3B2703F41E00B448DF /* Sentry */; };
		881336392700DF5A00252F12 /* Then.swift in Sources */ = {isa = PBXBuildFile; fileRef = 881336382700DF5A00252F12 /* Then.swift */; };
		885785C52855532B00D55755 /* LoadingViewController.swift in Sources */ = {isa = PBXBuildFile; fileRef = 885785C42855532B00D55755 /* LoadingViewController.swift */; };
		885E0F9728559FC2008C70EF /* MKOutlinedLabelNode.swift in Sources */ = {isa = PBXBuildFile; fileRef = 885E0F9628559FC2008C70EF /* MKOutlinedLabelNode.swift */; };
		886C3FC2270A1C9C00EF00C3 /* IQKeyboardManagerSwift in Frameworks */ = {isa = PBXBuildFile; productRef = 886C3FC1270A1C9C00EF00C3 /* IQKeyboardManagerSwift */; };
		888D9F612707E5EA00F76EF3 /* Assets.swift in Sources */ = {isa = PBXBuildFile; fileRef = 888D9F602707E5EA00F76EF3 /* Assets.swift */; };
		888E79CA27093B9700912CD9 /* CustomVisualEffectsView.swift in Sources */ = {isa = PBXBuildFile; fileRef = 888E79C927093B9700912CD9 /* CustomVisualEffectsView.swift */; };
		889E3EC024AD152400176E98 /* ControlCentre.swift in Sources */ = {isa = PBXBuildFile; fileRef = 889E3EBD24AD152400176E98 /* ControlCentre.swift */; };
		889E3EC124AD152400176E98 /* ScreenMirror.swift in Sources */ = {isa = PBXBuildFile; fileRef = 889E3EBE24AD152400176E98 /* ScreenMirror.swift */; };
		889E3EC224AD152400176E98 /* TapViewController.swift in Sources */ = {isa = PBXBuildFile; fileRef = 889E3EBF24AD152400176E98 /* TapViewController.swift */; };
		889E3EC424AD158D00176E98 /* SKButtonNode.swift in Sources */ = {isa = PBXBuildFile; fileRef = 889E3EC324AD158D00176E98 /* SKButtonNode.swift */; };
		DD237702245B73B500B570A3 /* AppDelegate.swift in Sources */ = {isa = PBXBuildFile; fileRef = DD237701245B73B500B570A3 /* AppDelegate.swift */; };
		DD23770A245B73B500B570A3 /* GameViewController.swift in Sources */ = {isa = PBXBuildFile; fileRef = DD237709245B73B500B570A3 /* GameViewController.swift */; };
		DD23770D245B73B500B570A3 /* Main.storyboard in Resources */ = {isa = PBXBuildFile; fileRef = DD23770B245B73B500B570A3 /* Main.storyboard */; };
		DD23770F245B73B700B570A3 /* Assets.xcassets in Resources */ = {isa = PBXBuildFile; fileRef = DD23770E245B73B700B570A3 /* Assets.xcassets */; };
		DD237712245B73B700B570A3 /* LaunchScreen.storyboard in Resources */ = {isa = PBXBuildFile; fileRef = DD237710245B73B700B570A3 /* LaunchScreen.storyboard */; };
		DD676405246DF93D00632CA8 /* Reachability.swift in Sources */ = {isa = PBXBuildFile; fileRef = DD676404246DF93D00632CA8 /* Reachability.swift */; };
		DD898AFD245CCFC400478094 /* sounds in Resources */ = {isa = PBXBuildFile; fileRef = DD898AFC245CCFC400478094 /* sounds */; };
		DD898B13245CD23A00478094 /* SettingsPanel.swift in Sources */ = {isa = PBXBuildFile; fileRef = DD898B0F245CD23A00478094 /* SettingsPanel.swift */; };
		DD898B14245CD23A00478094 /* GameScene.sks in Resources */ = {isa = PBXBuildFile; fileRef = DD898B10245CD23A00478094 /* GameScene.sks */; };
		DD898B15245CD23A00478094 /* ResultBoard.swift in Sources */ = {isa = PBXBuildFile; fileRef = DD898B11245CD23A00478094 /* ResultBoard.swift */; };
		DD898B16245CD23A00478094 /* GameScene.swift in Sources */ = {isa = PBXBuildFile; fileRef = DD898B12245CD23A00478094 /* GameScene.swift */; };
		DD898B18245CD26600478094 /* fonts in Resources */ = {isa = PBXBuildFile; fileRef = DD898B17245CD26600478094 /* fonts */; };
		DD898B1A245CD2C200478094 /* Actions.sks in Resources */ = {isa = PBXBuildFile; fileRef = DD898B19245CD2C100478094 /* Actions.sks */; };
/* End PBXBuildFile section */

/* Begin PBXCopyFilesBuildPhase section */
		88AB408D24A58388000818D4 /* Embed Libraries */ = {
			isa = PBXCopyFilesBuildPhase;
			buildActionMask = 2147483647;
			dstPath = "";
			dstSubfolderSpec = 10;
			files = (
			);
			name = "Embed Libraries";
			runOnlyForDeploymentPostprocessing = 0;
		};
/* End PBXCopyFilesBuildPhase section */

/* Begin PBXFileReference section */
		88112A1D270162EF00B448DF /* Flappy Bird.entitlements */ = {isa = PBXFileReference; lastKnownFileType = text.plist.entitlements; path = "Flappy Bird.entitlements"; sourceTree = "<group>"; };
		881336382700DF5A00252F12 /* Then.swift */ = {isa = PBXFileReference; lastKnownFileType = sourcecode.swift; path = Then.swift; sourceTree = "<group>"; };
		885785C42855532B00D55755 /* LoadingViewController.swift */ = {isa = PBXFileReference; lastKnownFileType = sourcecode.swift; path = LoadingViewController.swift; sourceTree = "<group>"; };
		885E0F9628559FC2008C70EF /* MKOutlinedLabelNode.swift */ = {isa = PBXFileReference; lastKnownFileType = sourcecode.swift; path = MKOutlinedLabelNode.swift; sourceTree = "<group>"; };
		888D9F602707E5EA00F76EF3 /* Assets.swift */ = {isa = PBXFileReference; lastKnownFileType = sourcecode.swift; path = Assets.swift; sourceTree = "<group>"; };
		888E79C927093B9700912CD9 /* CustomVisualEffectsView.swift */ = {isa = PBXFileReference; lastKnownFileType = sourcecode.swift; path = CustomVisualEffectsView.swift; sourceTree = "<group>"; };
		889E3EBD24AD152400176E98 /* ControlCentre.swift */ = {isa = PBXFileReference; fileEncoding = 4; lastKnownFileType = sourcecode.swift; path = ControlCentre.swift; sourceTree = "<group>"; };
		889E3EBE24AD152400176E98 /* ScreenMirror.swift */ = {isa = PBXFileReference; fileEncoding = 4; lastKnownFileType = sourcecode.swift; path = ScreenMirror.swift; sourceTree = "<group>"; };
		889E3EBF24AD152400176E98 /* TapViewController.swift */ = {isa = PBXFileReference; fileEncoding = 4; lastKnownFileType = sourcecode.swift; path = TapViewController.swift; sourceTree = "<group>"; };
		889E3EC324AD158D00176E98 /* SKButtonNode.swift */ = {isa = PBXFileReference; fileEncoding = 4; lastKnownFileType = sourcecode.swift; path = SKButtonNode.swift; sourceTree = "<group>"; };
		DD2376FE245B73B500B570A3 /* Flappy Bird.app */ = {isa = PBXFileReference; explicitFileType = wrapper.application; includeInIndex = 0; path = "Flappy Bird.app"; sourceTree = BUILT_PRODUCTS_DIR; };
		DD237701245B73B500B570A3 /* AppDelegate.swift */ = {isa = PBXFileReference; lastKnownFileType = sourcecode.swift; path = AppDelegate.swift; sourceTree = "<group>"; };
		DD237709245B73B500B570A3 /* GameViewController.swift */ = {isa = PBXFileReference; lastKnownFileType = sourcecode.swift; path = GameViewController.swift; sourceTree = "<group>"; };
		DD23770C245B73B500B570A3 /* Base */ = {isa = PBXFileReference; lastKnownFileType = file.storyboard; name = Base; path = Base.lproj/Main.storyboard; sourceTree = "<group>"; };
		DD23770E245B73B700B570A3 /* Assets.xcassets */ = {isa = PBXFileReference; lastKnownFileType = folder.assetcatalog; path = Assets.xcassets; sourceTree = "<group>"; };
		DD237711245B73B700B570A3 /* Base */ = {isa = PBXFileReference; lastKnownFileType = file.storyboard; name = Base; path = Base.lproj/LaunchScreen.storyboard; sourceTree = "<group>"; };
		DD237713245B73B700B570A3 /* Info.plist */ = {isa = PBXFileReference; lastKnownFileType = text.plist.xml; name = Info.plist; path = "Flappy Bird/Info.plist"; sourceTree = SOURCE_ROOT; };
		DD676404246DF93D00632CA8 /* Reachability.swift */ = {isa = PBXFileReference; lastKnownFileType = sourcecode.swift; path = Reachability.swift; sourceTree = "<group>"; };
		DD898AFC245CCFC400478094 /* sounds */ = {isa = PBXFileReference; lastKnownFileType = folder; path = sounds; sourceTree = "<group>"; };
		DD898B0F245CD23A00478094 /* SettingsPanel.swift */ = {isa = PBXFileReference; fileEncoding = 4; lastKnownFileType = sourcecode.swift; path = SettingsPanel.swift; sourceTree = "<group>"; };
		DD898B10245CD23A00478094 /* GameScene.sks */ = {isa = PBXFileReference; lastKnownFileType = file.sks; path = GameScene.sks; sourceTree = "<group>"; };
		DD898B11245CD23A00478094 /* ResultBoard.swift */ = {isa = PBXFileReference; fileEncoding = 4; lastKnownFileType = sourcecode.swift; path = ResultBoard.swift; sourceTree = "<group>"; };
		DD898B12245CD23A00478094 /* GameScene.swift */ = {isa = PBXFileReference; fileEncoding = 4; lastKnownFileType = sourcecode.swift; path = GameScene.swift; sourceTree = "<group>"; };
		DD898B17245CD26600478094 /* fonts */ = {isa = PBXFileReference; lastKnownFileType = folder; path = fonts; sourceTree = "<group>"; };
		DD898B19245CD2C100478094 /* Actions.sks */ = {isa = PBXFileReference; lastKnownFileType = file.sks; path = Actions.sks; sourceTree = "<group>"; };
/* End PBXFileReference section */

/* Begin PBXFrameworksBuildPhase section */
		DD2376FB245B73B500B570A3 /* Frameworks */ = {
			isa = PBXFrameworksBuildPhase;
			buildActionMask = 2147483647;
			files = (
				88112B3C2703F41E00B448DF /* Sentry in Frameworks */,
				886C3FC2270A1C9C00EF00C3 /* IQKeyboardManagerSwift in Frameworks */,
			);
			runOnlyForDeploymentPostprocessing = 0;
		};
/* End PBXFrameworksBuildPhase section */

/* Begin PBXGroup section */
		280C71132CC39B187A028DB4 /* Frameworks */ = {
			isa = PBXGroup;
			children = (
			);
			name = Frameworks;
			sourceTree = "<group>";
		};
		88138F9724A55BEF00D80F49 /* Support */ = {
			isa = PBXGroup;
			children = (
				881336382700DF5A00252F12 /* Then.swift */,
				888E79C927093B9700912CD9 /* CustomVisualEffectsView.swift */,
				885E0F9628559FC2008C70EF /* MKOutlinedLabelNode.swift */,
			);
			path = Support;
			sourceTree = "<group>";
		};
		886C3FB4270A126500EF00C3 /* Delegates */ = {
			isa = PBXGroup;
			children = (
				DD237701245B73B500B570A3 /* AppDelegate.swift */,
			);
			path = Delegates;
			sourceTree = "<group>";
		};
		886C3FB5270A127200EF00C3 /* Controllers */ = {
			isa = PBXGroup;
			children = (
				886C3FB7270A128F00EF00C3 /* UI */,
				886C3FB6270A128300EF00C3 /* Game */,
			);
			path = Controllers;
			sourceTree = "<group>";
		};
		886C3FB6270A128300EF00C3 /* Game */ = {
			isa = PBXGroup;
			children = (
				DD237709245B73B500B570A3 /* GameViewController.swift */,
			);
			path = Game;
			sourceTree = "<group>";
		};
		886C3FB7270A128F00EF00C3 /* UI */ = {
			isa = PBXGroup;
			children = (
				885785C42855532B00D55755 /* LoadingViewController.swift */,
			);
			path = UI;
			sourceTree = "<group>";
		};
		889E3EBC24AD152400176E98 /* External Display */ = {
			isa = PBXGroup;
			children = (
				889E3EC324AD158D00176E98 /* SKButtonNode.swift */,
				889E3EBD24AD152400176E98 /* ControlCentre.swift */,
				889E3EBE24AD152400176E98 /* ScreenMirror.swift */,
				889E3EBF24AD152400176E98 /* TapViewController.swift */,
			);
			path = "External Display";
			sourceTree = "<group>";
		};
		DD2376F5245B73B500B570A3 = {
			isa = PBXGroup;
			children = (
				DD237700245B73B500B570A3 /* Flappy Bird */,
				DD2376FF245B73B500B570A3 /* Products */,
				280C71132CC39B187A028DB4 /* Frameworks */,
			);
			sourceTree = "<group>";
		};
		DD2376FF245B73B500B570A3 /* Products */ = {
			isa = PBXGroup;
			children = (
				DD2376FE245B73B500B570A3 /* Flappy Bird.app */,
			);
			name = Products;
			sourceTree = "<group>";
		};
		DD237700245B73B500B570A3 /* Flappy Bird */ = {
			isa = PBXGroup;
			children = (
				88112A1D270162EF00B448DF /* Flappy Bird.entitlements */,
				886C3FB5270A127200EF00C3 /* Controllers */,
				886C3FB4270A126500EF00C3 /* Delegates */,
				88138F9724A55BEF00D80F49 /* Support */,
				DD898AFC245CCFC400478094 /* sounds */,
				DD898B17245CD26600478094 /* fonts */,
				DD898B0E245CD23A00478094 /* game */,
				DD23770B245B73B500B570A3 /* Main.storyboard */,
				DD23770E245B73B700B570A3 /* Assets.xcassets */,
				DD237710245B73B700B570A3 /* LaunchScreen.storyboard */,
				DD237713245B73B700B570A3 /* Info.plist */,
			);
			path = "Flappy Bird";
			sourceTree = "<group>";
		};
		DD898B0E245CD23A00478094 /* game */ = {
			isa = PBXGroup;
			children = (
				889E3EBC24AD152400176E98 /* External Display */,
				DD898B19245CD2C100478094 /* Actions.sks */,
				DD898B0F245CD23A00478094 /* SettingsPanel.swift */,
				DD898B10245CD23A00478094 /* GameScene.sks */,
				DD898B11245CD23A00478094 /* ResultBoard.swift */,
				DD898B12245CD23A00478094 /* GameScene.swift */,
				DD676404246DF93D00632CA8 /* Reachability.swift */,
				888D9F602707E5EA00F76EF3 /* Assets.swift */,
			);
			path = game;
			sourceTree = "<group>";
		};
/* End PBXGroup section */

/* Begin PBXNativeTarget section */
		DD2376FD245B73B500B570A3 /* Flappy Bird */ = {
			isa = PBXNativeTarget;
			buildConfigurationList = DD237716245B73B700B570A3 /* Build configuration list for PBXNativeTarget "Flappy Bird" */;
			buildPhases = (
				DD2376FA245B73B500B570A3 /* Sources */,
				DD2376FB245B73B500B570A3 /* Frameworks */,
				DD2376FC245B73B500B570A3 /* Resources */,
				88AB408D24A58388000818D4 /* Embed Libraries */,
			);
			buildRules = (
			);
			dependencies = (
			);
			name = "Flappy Bird";
			packageProductDependencies = (
				88112B3B2703F41E00B448DF /* Sentry */,
				886C3FC1270A1C9C00EF00C3 /* IQKeyboardManagerSwift */,
			);
			productName = "Flappy Bird";
			productReference = DD2376FE245B73B500B570A3 /* Flappy Bird.app */;
			productType = "com.apple.product-type.application";
		};
/* End PBXNativeTarget section */

/* Begin PBXProject section */
		DD2376F6245B73B500B570A3 /* Project object */ = {
			isa = PBXProject;
			attributes = {
				LastSwiftUpdateCheck = 1130;
				LastUpgradeCheck = 1300;
				ORGANIZATIONNAME = "Brandon Plank & Thatcher Clough";
				TargetAttributes = {
					DD2376FD245B73B500B570A3 = {
						CreatedOnToolsVersion = 11.3.1;
						LastSwiftMigration = 1130;
					};
				};
			};
			buildConfigurationList = DD2376F9245B73B500B570A3 /* Build configuration list for PBXProject "Flappy Bird" */;
			compatibilityVersion = "Xcode 12.0";
			developmentRegion = en;
			hasScannedForEncodings = 0;
			knownRegions = (
				en,
				Base,
			);
			mainGroup = DD2376F5245B73B500B570A3;
			packageReferences = (
				88112B3A2703F41E00B448DF /* XCRemoteSwiftPackageReference "sentry-cocoa" */,
				886C3FC0270A1C9C00EF00C3 /* XCRemoteSwiftPackageReference "IQKeyboardManager" */,
			);
			productRefGroup = DD2376FF245B73B500B570A3 /* Products */;
			projectDirPath = "";
			projectRoot = "";
			targets = (
				DD2376FD245B73B500B570A3 /* Flappy Bird */,
			);
		};
/* End PBXProject section */

/* Begin PBXResourcesBuildPhase section */
		DD2376FC245B73B500B570A3 /* Resources */ = {
			isa = PBXResourcesBuildPhase;
			buildActionMask = 2147483647;
			files = (
				DD23770D245B73B500B570A3 /* Main.storyboard in Resources */,
				DD898AFD245CCFC400478094 /* sounds in Resources */,
				DD898B1A245CD2C200478094 /* Actions.sks in Resources */,
				DD23770F245B73B700B570A3 /* Assets.xcassets in Resources */,
				DD237712245B73B700B570A3 /* LaunchScreen.storyboard in Resources */,
				DD898B14245CD23A00478094 /* GameScene.sks in Resources */,
				DD898B18245CD26600478094 /* fonts in Resources */,
			);
			runOnlyForDeploymentPostprocessing = 0;
		};
/* End PBXResourcesBuildPhase section */

/* Begin PBXSourcesBuildPhase section */
		DD2376FA245B73B500B570A3 /* Sources */ = {
			isa = PBXSourcesBuildPhase;
			buildActionMask = 2147483647;
			files = (
				889E3EC024AD152400176E98 /* ControlCentre.swift in Sources */,
				DD676405246DF93D00632CA8 /* Reachability.swift in Sources */,
				888E79CA27093B9700912CD9 /* CustomVisualEffectsView.swift in Sources */,
				889E3EC224AD152400176E98 /* TapViewController.swift in Sources */,
				DD898B16245CD23A00478094 /* GameScene.swift in Sources */,
				885785C52855532B00D55755 /* LoadingViewController.swift in Sources */,
				DD23770A245B73B500B570A3 /* GameViewController.swift in Sources */,
				888D9F612707E5EA00F76EF3 /* Assets.swift in Sources */,
				DD237702245B73B500B570A3 /* AppDelegate.swift in Sources */,
				885E0F9728559FC2008C70EF /* MKOutlinedLabelNode.swift in Sources */,
				DD898B15245CD23A00478094 /* ResultBoard.swift in Sources */,
				889E3EC424AD158D00176E98 /* SKButtonNode.swift in Sources */,
				DD898B13245CD23A00478094 /* SettingsPanel.swift in Sources */,
				889E3EC124AD152400176E98 /* ScreenMirror.swift in Sources */,
				881336392700DF5A00252F12 /* Then.swift in Sources */,
			);
			runOnlyForDeploymentPostprocessing = 0;
		};
/* End PBXSourcesBuildPhase section */

/* Begin PBXVariantGroup section */
		DD23770B245B73B500B570A3 /* Main.storyboard */ = {
			isa = PBXVariantGroup;
			children = (
				DD23770C245B73B500B570A3 /* Base */,
			);
			name = Main.storyboard;
			sourceTree = "<group>";
		};
		DD237710245B73B700B570A3 /* LaunchScreen.storyboard */ = {
			isa = PBXVariantGroup;
			children = (
				DD237711245B73B700B570A3 /* Base */,
			);
			name = LaunchScreen.storyboard;
			sourceTree = "<group>";
		};
/* End PBXVariantGroup section */

/* Begin XCBuildConfiguration section */
		DD237714245B73B700B570A3 /* Debug */ = {
			isa = XCBuildConfiguration;
			buildSettings = {
				ALWAYS_SEARCH_USER_PATHS = NO;
				CLANG_ANALYZER_NONNULL = YES;
				CLANG_ANALYZER_NUMBER_OBJECT_CONVERSION = YES_AGGRESSIVE;
				CLANG_CXX_LANGUAGE_STANDARD = "gnu++14";
				CLANG_CXX_LIBRARY = "libc++";
				CLANG_ENABLE_MODULES = YES;
				CLANG_ENABLE_OBJC_ARC = YES;
				CLANG_ENABLE_OBJC_WEAK = YES;
				CLANG_WARN_BLOCK_CAPTURE_AUTORELEASING = YES;
				CLANG_WARN_BOOL_CONVERSION = YES;
				CLANG_WARN_COMMA = YES;
				CLANG_WARN_CONSTANT_CONVERSION = YES;
				CLANG_WARN_DEPRECATED_OBJC_IMPLEMENTATIONS = YES;
				CLANG_WARN_DIRECT_OBJC_ISA_USAGE = YES_ERROR;
				CLANG_WARN_DOCUMENTATION_COMMENTS = YES;
				CLANG_WARN_EMPTY_BODY = YES;
				CLANG_WARN_ENUM_CONVERSION = YES;
				CLANG_WARN_INFINITE_RECURSION = YES;
				CLANG_WARN_INT_CONVERSION = YES;
				CLANG_WARN_NON_LITERAL_NULL_CONVERSION = YES;
				CLANG_WARN_OBJC_IMPLICIT_RETAIN_SELF = YES;
				CLANG_WARN_OBJC_LITERAL_CONVERSION = YES;
				CLANG_WARN_OBJC_ROOT_CLASS = YES_ERROR;
				CLANG_WARN_QUOTED_INCLUDE_IN_FRAMEWORK_HEADER = YES;
				CLANG_WARN_RANGE_LOOP_ANALYSIS = YES;
				CLANG_WARN_STRICT_PROTOTYPES = YES;
				CLANG_WARN_SUSPICIOUS_MOVE = YES;
				CLANG_WARN_UNGUARDED_AVAILABILITY = YES_AGGRESSIVE;
				CLANG_WARN_UNREACHABLE_CODE = YES;
				CLANG_WARN__DUPLICATE_METHOD_MATCH = YES;
				COPY_PHASE_STRIP = NO;
				DEBUG_INFORMATION_FORMAT = dwarf;
				ENABLE_STRICT_OBJC_MSGSEND = YES;
				ENABLE_TESTABILITY = YES;
				GCC_C_LANGUAGE_STANDARD = gnu11;
				GCC_DYNAMIC_NO_PIC = NO;
				GCC_NO_COMMON_BLOCKS = YES;
				GCC_OPTIMIZATION_LEVEL = 0;
				GCC_PREPROCESSOR_DEFINITIONS = (
					"DEBUG=1",
					"$(inherited)",
				);
				GCC_WARN_64_TO_32_BIT_CONVERSION = YES;
				GCC_WARN_ABOUT_RETURN_TYPE = YES_ERROR;
				GCC_WARN_UNDECLARED_SELECTOR = YES;
				GCC_WARN_UNINITIALIZED_AUTOS = YES_AGGRESSIVE;
				GCC_WARN_UNUSED_FUNCTION = YES;
				GCC_WARN_UNUSED_VARIABLE = YES;
				INFOPLIST_FILE = "./Flappy Bird/Info.plist";
				IPHONEOS_DEPLOYMENT_TARGET = 13.0;
				MTL_ENABLE_DEBUG_INFO = INCLUDE_SOURCE;
				MTL_FAST_MATH = YES;
				ONLY_ACTIVE_ARCH = YES;
				SDKROOT = iphoneos;
				SWIFT_ACTIVE_COMPILATION_CONDITIONS = DEBUG;
				SWIFT_OPTIMIZATION_LEVEL = "-Onone";
				TARGETED_DEVICE_FAMILY = "1,2";
			};
			name = Debug;
		};
		DD237715245B73B700B570A3 /* Release */ = {
			isa = XCBuildConfiguration;
			buildSettings = {
				ALWAYS_SEARCH_USER_PATHS = NO;
				CLANG_ANALYZER_NONNULL = YES;
				CLANG_ANALYZER_NUMBER_OBJECT_CONVERSION = YES_AGGRESSIVE;
				CLANG_CXX_LANGUAGE_STANDARD = "gnu++14";
				CLANG_CXX_LIBRARY = "libc++";
				CLANG_ENABLE_MODULES = YES;
				CLANG_ENABLE_OBJC_ARC = YES;
				CLANG_ENABLE_OBJC_WEAK = YES;
				CLANG_WARN_BLOCK_CAPTURE_AUTORELEASING = YES;
				CLANG_WARN_BOOL_CONVERSION = YES;
				CLANG_WARN_COMMA = YES;
				CLANG_WARN_CONSTANT_CONVERSION = YES;
				CLANG_WARN_DEPRECATED_OBJC_IMPLEMENTATIONS = YES;
				CLANG_WARN_DIRECT_OBJC_ISA_USAGE = YES_ERROR;
				CLANG_WARN_DOCUMENTATION_COMMENTS = YES;
				CLANG_WARN_EMPTY_BODY = YES;
				CLANG_WARN_ENUM_CONVERSION = YES;
				CLANG_WARN_INFINITE_RECURSION = YES;
				CLANG_WARN_INT_CONVERSION = YES;
				CLANG_WARN_NON_LITERAL_NULL_CONVERSION = YES;
				CLANG_WARN_OBJC_IMPLICIT_RETAIN_SELF = YES;
				CLANG_WARN_OBJC_LITERAL_CONVERSION = YES;
				CLANG_WARN_OBJC_ROOT_CLASS = YES_ERROR;
				CLANG_WARN_QUOTED_INCLUDE_IN_FRAMEWORK_HEADER = YES;
				CLANG_WARN_RANGE_LOOP_ANALYSIS = YES;
				CLANG_WARN_STRICT_PROTOTYPES = YES;
				CLANG_WARN_SUSPICIOUS_MOVE = YES;
				CLANG_WARN_UNGUARDED_AVAILABILITY = YES_AGGRESSIVE;
				CLANG_WARN_UNREACHABLE_CODE = YES;
				CLANG_WARN__DUPLICATE_METHOD_MATCH = YES;
				COPY_PHASE_STRIP = NO;
				DEBUG_INFORMATION_FORMAT = "dwarf-with-dsym";
				ENABLE_NS_ASSERTIONS = NO;
				ENABLE_STRICT_OBJC_MSGSEND = YES;
				GCC_C_LANGUAGE_STANDARD = gnu11;
				GCC_NO_COMMON_BLOCKS = YES;
				GCC_WARN_64_TO_32_BIT_CONVERSION = YES;
				GCC_WARN_ABOUT_RETURN_TYPE = YES_ERROR;
				GCC_WARN_UNDECLARED_SELECTOR = YES;
				GCC_WARN_UNINITIALIZED_AUTOS = YES_AGGRESSIVE;
				GCC_WARN_UNUSED_FUNCTION = YES;
				GCC_WARN_UNUSED_VARIABLE = YES;
				INFOPLIST_FILE = "./Flappy Bird/Info.plist";
				IPHONEOS_DEPLOYMENT_TARGET = 13.0;
				MTL_ENABLE_DEBUG_INFO = NO;
				MTL_FAST_MATH = YES;
				SDKROOT = iphoneos;
				SWIFT_COMPILATION_MODE = wholemodule;
				SWIFT_OPTIMIZATION_LEVEL = "-O";
				TARGETED_DEVICE_FAMILY = "1,2";
				VALIDATE_PRODUCT = YES;
			};
			name = Release;
		};
		DD237717245B73B700B570A3 /* Debug */ = {
			isa = XCBuildConfiguration;
			buildSettings = {
				ASSETCATALOG_COMPILER_APPICON_NAME = AppIcon;
				CLANG_ENABLE_MODULES = YES;
				CODE_SIGN_ENTITLEMENTS = "Flappy Bird/Flappy Bird.entitlements";
				CODE_SIGN_STYLE = Automatic;
				CURRENT_PROJECT_VERSION = 1;
				DEVELOPMENT_TEAM = GR3NL679U6;
				ENABLE_BITCODE = NO;
				INFOPLIST_FILE = "Flappy Bird/Info.plist";
				INFOPLIST_KEY_LSApplicationCategoryType = "public.app-category.arcade-games";
				IPHONEOS_DEPLOYMENT_TARGET = 13.0;
				LD_RUNPATH_SEARCH_PATHS = (
					"$(inherited)",
					"@executable_path/Frameworks",
				);
				LIBRARY_SEARCH_PATHS = (
					"$(inherited)",
					"$(PROJECT_DIR)",
				);
				MARKETING_VERSION = 4.3;
				PRODUCT_BUNDLE_IDENTIFIER = org.brandonplank.flappybird;
				PRODUCT_NAME = "$(TARGET_NAME)";
				SDKROOT = iphoneos;
				SUPPORTS_MACCATALYST = YES;
				SWIFT_INSTALL_OBJC_HEADER = NO;
				SWIFT_OBJC_BRIDGING_HEADER = "";
				SWIFT_OPTIMIZATION_LEVEL = "-Onone";
				SWIFT_PRECOMPILE_BRIDGING_HEADER = NO;
				SWIFT_VERSION = 5.0;
				TARGETED_DEVICE_FAMILY = "1,2";
			};
			name = Debug;
		};
		DD237718245B73B700B570A3 /* Release */ = {
			isa = XCBuildConfiguration;
			buildSettings = {
				ASSETCATALOG_COMPILER_APPICON_NAME = AppIcon;
				CLANG_ENABLE_MODULES = YES;
				CODE_SIGN_ENTITLEMENTS = "Flappy Bird/Flappy Bird.entitlements";
				CODE_SIGN_STYLE = Automatic;
				CURRENT_PROJECT_VERSION = 1;
				DEVELOPMENT_TEAM = GR3NL679U6;
				ENABLE_BITCODE = NO;
				INFOPLIST_FILE = "Flappy Bird/Info.plist";
				INFOPLIST_KEY_LSApplicationCategoryType = "public.app-category.arcade-games";
				IPHONEOS_DEPLOYMENT_TARGET = 13.0;
				LD_RUNPATH_SEARCH_PATHS = (
					"$(inherited)",
					"@executable_path/Frameworks",
				);
				LIBRARY_SEARCH_PATHS = (
					"$(inherited)",
					"$(PROJECT_DIR)",
				);
				MARKETING_VERSION = 4.3;
				PRODUCT_BUNDLE_IDENTIFIER = org.brandonplank.flappybird;
				PRODUCT_NAME = "$(TARGET_NAME)";
				SDKROOT = iphoneos;
				SUPPORTS_MACCATALYST = YES;
				SWIFT_INSTALL_OBJC_HEADER = NO;
				SWIFT_OBJC_BRIDGING_HEADER = "";
				SWIFT_PRECOMPILE_BRIDGING_HEADER = NO;
				SWIFT_VERSION = 5.0;
				TARGETED_DEVICE_FAMILY = "1,2";
			};
			name = Release;
		};
/* End XCBuildConfiguration section */

/* Begin XCConfigurationList section */
		DD2376F9245B73B500B570A3 /* Build configuration list for PBXProject "Flappy Bird" */ = {
			isa = XCConfigurationList;
			buildConfigurations = (
				DD237714245B73B700B570A3 /* Debug */,
				DD237715245B73B700B570A3 /* Release */,
			);
			defaultConfigurationIsVisible = 0;
			defaultConfigurationName = Release;
		};
		DD237716245B73B700B570A3 /* Build configuration list for PBXNativeTarget "Flappy Bird" */ = {
			isa = XCConfigurationList;
			buildConfigurations = (
				DD237717245B73B700B570A3 /* Debug */,
				DD237718245B73B700B570A3 /* Release */,
			);
			defaultConfigurationIsVisible = 0;
			defaultConfigurationName = Release;
		};
/* End XCConfigurationList section */

/* Begin XCRemoteSwiftPackageReference section */
		88112B3A2703F41E00B448DF /* XCRemoteSwiftPackageReference "sentry-cocoa" */ = {
			isa = XCRemoteSwiftPackageReference;
			repositoryURL = "https://github.com/getsentry/sentry-cocoa";
			requirement = {
				kind = upToNextMajorVersion;
				minimumVersion = 7.0.0;
			};
		};
		886C3FC0270A1C9C00EF00C3 /* XCRemoteSwiftPackageReference "IQKeyboardManager" */ = {
			isa = XCRemoteSwiftPackageReference;
			repositoryURL = "https://github.com/hackiftekhar/IQKeyboardManager";
			requirement = {
				kind = exactVersion;
				version = 6.5.6;
			};
		};
/* End XCRemoteSwiftPackageReference section */

/* Begin XCSwiftPackageProductDependency section */
		88112B3B2703F41E00B448DF /* Sentry */ = {
			isa = XCSwiftPackageProductDependency;
			package = 88112B3A2703F41E00B448DF /* XCRemoteSwiftPackageReference "sentry-cocoa" */;
			productName = Sentry;
		};
		886C3FC1270A1C9C00EF00C3 /* IQKeyboardManagerSwift */ = {
			isa = XCSwiftPackageProductDependency;
			package = 886C3FC0270A1C9C00EF00C3 /* XCRemoteSwiftPackageReference "IQKeyboardManager" */;
			productName = IQKeyboardManagerSwift;
		};
/* End XCSwiftPackageProductDependency section */
	};
	rootObject = DD2376F6245B73B500B570A3 /* Project object */;
}
